<?xml version="1.0" encoding="UTF-8" standalone="yes" ?>
<CodeBlocks_project_file>
	<FileVersion major="1" minor="6" />
	<Project>
		<Option title="code-block" />
		<Option pch_mode="2" />
		<Option compiler="gcc" />
		<Build>
			<Target title="win_x64">
				<Option output="./bin/win-x64/Harpe-win-x64" prefix_auto="1" extension_auto="1" />
				<Option object_output="./obj/win-x64/" />
				<Option type="1" />
				<Option compiler="gcc" />
				<Linker>
					<Add directory="lib/win-x64" />
				</Linker>
			</Target>
			<Target title="ubuntu_x64">
				<Option output="./bin/ubuntu-x64/Harpe-ubuntu-x64" prefix_auto="1" extension_auto="1" />
				<Option object_output="./obj/ubuntu-x64/" />
				<Option type="1" />
				<Option compiler="gcc" />
				<Linker>
					<Add directory="lib/ubuntu-x64" />
				</Linker>
			</Target>
		</Build>
		<Compiler>
			<Add option="-std=c++0x" />
			<Add option="-Wall" />
			<Add option="-g" />
			<Add option="-fexceptions" />
			<Add directory="include" />
		</Compiler>
		<Linker>
			<Add option="-lmysqlcppconn" />
			<Add option="-lpthread" />
		</Linker>
		<Unit filename="../harpe/aa_search/AA.cpp" />
		<Unit filename="../harpe/aa_search/AA.hpp" />
		<Unit filename="../harpe/aa_search/AA_model.cpp" />
		<Unit filename="../harpe/aa_search/AA_tab.cpp" />
		<Unit filename="../harpe/aa_search/AA_tab.hpp" />
		<Unit filename="../harpe/aa_search/Enzyme.cpp" />
		<Unit filename="../harpe/aa_search/Enzyme.hpp" />
		<Unit filename="../harpe/aa_search/Enzyme_model.cpp" />
		<Unit filename="../harpe/aa_search/defines.hpp" />
		<Unit filename="../harpe/aa_search/main.cpp" />
		<Unit filename="../harpe/sql/SqlObject.hpp" />
		<Unit filename="../harpe/sql/config.hpp" />
		<Extensions>
			<code_completion />
			<debugger />
			<envvars />
		</Extensions>
	</Project>
</CodeBlocks_project_file>
