<?xml version="1.0" encoding="UTF-8" standalone="yes" ?>
<CodeBlocks_project_file>
	<FileVersion major="1" minor="6" />
	<Project>
		<Option title="code-block" />
		<Option pch_mode="2" />
		<Option default_target="harpe-ubuntu_x64" />
		<Option compiler="gcc" />
		<Build>
			<Target title="harpe-win_x64">
				<Option output="./bin/win-x64/Harpe-win-x64" prefix_auto="1" extension_auto="1" />
				<Option object_output="./obj/win-x64/" />
				<Option type="1" />
				<Option compiler="gcc" />
			</Target>
			<Target title="harpe-ubuntu_x64">
				<Option output="./bin/ubuntu-x64/Harpe-ubuntu-x64" prefix_auto="1" extension_auto="1" />
				<Option type="1" />
				<Option compiler="gcc" />
			</Target>
			<Target title="harpe_apprentissage-win_x64">
				<Option output="./bin/win-x64/Harpe_apprentissage-win-x64" prefix_auto="1" extension_auto="1" />
				<Option object_output="./obj/win-x64/Harpe_apprentissage" />
				<Option type="1" />
				<Option compiler="gcc" />
				<Compiler>
					<Add option="-DAPPRENTISSAGE" />
				</Compiler>
			</Target>
			<Target title="harpe_apprentisage-ubuntu_x64">
				<Option output="./bin/ubuntu-x64/Harpe_apprentissage-ubuntu-x64" prefix_auto="1" extension_auto="1" />
				<Option object_output="./obj/ubuntu-x64/Harpe_apprentissage" />
				<Option type="1" />
				<Option compiler="gcc" />
				<Compiler>
					<Add option="-DAPPRENTISSAGE" />
				</Compiler>
			</Target>
			<Target title="aa_search-win_x64">
				<Option output="./bin/win-x64/aa_search-win-x64" prefix_auto="1" extension_auto="1" />
				<Option object_output="./obj/win-x64/" />
				<Option type="1" />
				<Option compiler="gcc" />
				<Linker>
					<Add directory="lib/win-x64" />
				</Linker>
			</Target>
			<Target title="aa_search-ubuntu_x64">
				<Option output="./bin/ubuntu-x64/aa_search-ubuntu-x64" prefix_auto="1" extension_auto="1" />
				<Option object_output="./obj/ubuntu-x64/" />
				<Option type="1" />
				<Option compiler="gcc" />
				<Linker>
					<Add directory="lib/ubuntu-x64" />
				</Linker>
			</Target>
			<Target title="combinaison-win_x64">
				<Option output="./bin/win-x64/combinaison-win-x64" prefix_auto="1" extension_auto="1" />
				<Option object_output="./obj/win-x64/" />
				<Option type="1" />
				<Option compiler="gcc" />
				<Linker>
					<Add directory="lib/win-x64" />
				</Linker>
			</Target>
			<Target title="combinaison-ubuntu_x64">
				<Option output="./bin/ubuntu-x64/combinaison-ubuntu-x64" prefix_auto="1" extension_auto="1" />
				<Option object_output="./obj/ubuntu-x64/" />
				<Option type="1" />
				<Option compiler="gcc" />
				<Linker>
					<Add directory="lib/ubuntu-x64" />
				</Linker>
			</Target>
			<Target title="serveur-win_x64">
				<Option output="./bin/win-x64/serveur-win-x64" prefix_auto="1" extension_auto="1" />
				<Option object_output="./obj/win-x64/" />
				<Option type="1" />
				<Option compiler="gcc" />
				<Linker>
					<Add directory="lib/win-x64" />
				</Linker>
			</Target>
			<Target title="serveur-ubuntu_x64">
				<Option output="./bin/ubuntu-x64/serveur-ubuntu-x64" prefix_auto="1" extension_auto="1" />
				<Option object_output="./obj/ubuntu-x64/" />
				<Option type="1" />
				<Option compiler="gcc" />
				<Linker>
					<Add directory="lib/ubuntu-x64" />
				</Linker>
			</Target>
			<Target title="local-win_x64">
				<Option output="./bin/win-x64/local-win-x64" prefix_auto="1" extension_auto="1" />
				<Option object_output="./obj/win-x64/" />
				<Option type="1" />
				<Option compiler="gcc" />
				<Linker>
					<Add directory="lib/win-x64" />
				</Linker>
			</Target>
			<Target title="local-ubuntu_x64">
				<Option output="./bin/ubuntu-x64/local-ubuntu-x64" prefix_auto="1" extension_auto="1" />
				<Option object_output="./obj/ubuntu-x64/" />
				<Option type="1" />
				<Option compiler="gcc" />
				<Linker>
					<Add directory="lib/ubuntu-x64" />
				</Linker>
			</Target>
			<Target title="ext-socket_serveur-win_x64">
				<Option output="./bin/win-x64/external/socket_serveur-win_x64" prefix_auto="1" extension_auto="1" />
				<Option object_output="./obj/win-x64/external/" />
				<Option type="1" />
				<Option compiler="gcc" />
			</Target>
			<Target title="ext-socket_serveur-ubuntu_x64">
				<Option output="./bin/ubuntu-x64/external/socket_serveur-ubuntu_x64" prefix_auto="1" extension_auto="1" />
				<Option object_output="./obj/ubuntu-x64/external/" />
				<Option type="1" />
				<Option compiler="gcc" />
			</Target>
			<Target title="ext-socket_client-win_x64">
				<Option output="./bin/win-x64/external/socket_client-win_x64" prefix_auto="1" extension_auto="1" />
				<Option object_output="./obj/win-x64/external/" />
				<Option type="1" />
				<Option compiler="gcc" />
			</Target>
			<Target title="ext-socket_client-ubuntu_x64">
				<Option output="./bin/ubuntu-x64/external/socket_client-ubuntu_x64" prefix_auto="1" extension_auto="1" />
				<Option object_output="./obj/ubuntu-x64/external/" />
				<Option type="1" />
				<Option compiler="gcc" />
			</Target>
			<Target title="ext-parseur-win_x64">
				<Option output="./bin/win-x64/external/parseur-win_x64" prefix_auto="1" extension_auto="1" />
				<Option object_output="./obj/win-x64/external/" />
				<Option type="1" />
				<Option compiler="gcc" />
			</Target>
			<Target title="ext-parseur-ubuntu_x64">
				<Option output="./bin/ubuntu-x64/external/parseur-ubuntu_x64" prefix_auto="1" extension_auto="1" />
				<Option object_output="./obj/ubuntu-x64/external/" />
				<Option type="1" />
				<Option compiler="gcc" />
			</Target>
			<Target title="ext-sql-win_x64">
				<Option output="./bin/win-x64/external/sql-win_x64" prefix_auto="1" extension_auto="1" />
				<Option object_output="./obj/win-x64/external/" />
				<Option type="1" />
				<Option compiler="gcc" />
			</Target>
			<Target title="ext-sql-ubuntu_x64">
				<Option output="./bin/ubuntu-x64/external/sql-ubuntu_x64" prefix_auto="1" extension_auto="1" />
				<Option object_output="./obj/ubuntu-x64/external/" />
				<Option type="1" />
				<Option compiler="gcc" />
			</Target>
			<Target title="ext-genetic_engine-win_x64">
				<Option output="./bin/win-x64/external/genetic_engine-win_x64" prefix_auto="1" extension_auto="1" />
				<Option object_output="./obj/win-x64/external/" />
				<Option type="1" />
				<Option compiler="gcc" />
				<Compiler>
					<Add option="-fpermissive" />
				</Compiler>
			</Target>
			<Target title="ext-genetic_engine-ubuntu_x64">
				<Option output="./bin/ubuntu-x64/external/genetic_engine-ubuntu_x64" prefix_auto="1" extension_auto="1" />
				<Option object_output="./obj/ubuntu-x64/external/" />
				<Option type="1" />
				<Option compiler="gcc" />
				<Compiler>
					<Add option="-fpermissive" />
				</Compiler>
			</Target>
		</Build>
		<VirtualTargets>
			<Add alias="all-ubuntu_x64" targets="harpe-ubuntu_x64;harpe_apprentisage-ubuntu_x64;aa_search-ubuntu_x64;combinaison-ubuntu_x64;serveur-ubuntu_x64;local-ubuntu_x64;" />
			<Add alias="all-win_x64" targets="harpe-win_x64;harpe_apprentissage-win_x64;aa_search-win_x64;serveur-win_x64;local-win_x64;combinaison-win_x64;" />
			<Add alias="external-ubuntu_x64" targets="ext-socket_serveur-ubuntu_x64;ext-socket_client-ubuntu_x64;ext-parseur-ubuntu_x64;ext-sql-ubuntu_x64;ext-genetic_engine-ubuntu_x64;" />
			<Add alias="external-win_x64" targets="ext-socket_serveur-win_x64;ext-socket_client-win_x64;ext-parseur-win_x64;ext-sql-win_x64;ext-genetic_engine-win_x64;" />
		</VirtualTargets>
		<Compiler>
			<Add option="-std=c++0x" />
			<Add option="-Wall" />
			<Add option="-g" />
			<Add option="-fexceptions" />
			<Add option="-DCOLORS" />
			<Add directory="include" />
		</Compiler>
		<Linker>
			<Add option="-lmysqlcppconn" />
			<Add option="-lpthread" />
		</Linker>
		<Unit filename="../harpe/Harpe.cpp">
			<Option target="harpe-win_x64" />
			<Option target="harpe-ubuntu_x64" />
			<Option target="harpe_apprentissage-win_x64" />
			<Option target="harpe_apprentisage-ubuntu_x64" />
		</Unit>
		<Unit filename="../harpe/aa_search/AA.cpp">
			<Option target="aa_search-win_x64" />
			<Option target="aa_search-ubuntu_x64" />
			<Option target="harpe-win_x64" />
			<Option target="harpe-ubuntu_x64" />
			<Option target="harpe_apprentissage-win_x64" />
			<Option target="harpe_apprentisage-ubuntu_x64" />
		</Unit>
		<Unit filename="../harpe/aa_search/AA.hpp">
			<Option target="aa_search-win_x64" />
			<Option target="aa_search-ubuntu_x64" />
			<Option target="harpe-win_x64" />
			<Option target="harpe-ubuntu_x64" />
			<Option target="harpe_apprentissage-win_x64" />
			<Option target="harpe_apprentisage-ubuntu_x64" />
		</Unit>
		<Unit filename="../harpe/aa_search/AA_model.cpp">
			<Option target="aa_search-win_x64" />
			<Option target="aa_search-ubuntu_x64" />
			<Option target="harpe-win_x64" />
			<Option target="harpe-ubuntu_x64" />
			<Option target="harpe_apprentissage-win_x64" />
			<Option target="harpe_apprentisage-ubuntu_x64" />
		</Unit>
		<Unit filename="../harpe/aa_search/AA_tab.cpp">
			<Option target="aa_search-win_x64" />
			<Option target="aa_search-ubuntu_x64" />
			<Option target="harpe-win_x64" />
			<Option target="harpe-ubuntu_x64" />
			<Option target="harpe_apprentissage-win_x64" />
			<Option target="harpe_apprentisage-ubuntu_x64" />
		</Unit>
		<Unit filename="../harpe/aa_search/AA_tab.hpp">
			<Option target="aa_search-win_x64" />
			<Option target="aa_search-ubuntu_x64" />
			<Option target="harpe-win_x64" />
			<Option target="harpe-ubuntu_x64" />
			<Option target="harpe_apprentissage-win_x64" />
			<Option target="harpe_apprentisage-ubuntu_x64" />
		</Unit>
		<Unit filename="../harpe/aa_search/Enzyme.cpp">
			<Option target="aa_search-win_x64" />
			<Option target="aa_search-ubuntu_x64" />
			<Option target="harpe-win_x64" />
			<Option target="harpe-ubuntu_x64" />
			<Option target="harpe_apprentissage-win_x64" />
			<Option target="harpe_apprentisage-ubuntu_x64" />
		</Unit>
		<Unit filename="../harpe/aa_search/Enzyme.hpp">
			<Option target="aa_search-win_x64" />
			<Option target="aa_search-ubuntu_x64" />
			<Option target="harpe-win_x64" />
			<Option target="harpe-ubuntu_x64" />
			<Option target="harpe_apprentissage-win_x64" />
			<Option target="harpe_apprentisage-ubuntu_x64" />
		</Unit>
		<Unit filename="../harpe/aa_search/Enzyme_model.cpp">
			<Option target="aa_search-win_x64" />
			<Option target="aa_search-ubuntu_x64" />
			<Option target="harpe-win_x64" />
			<Option target="harpe-ubuntu_x64" />
			<Option target="harpe_apprentissage-win_x64" />
			<Option target="harpe_apprentisage-ubuntu_x64" />
		</Unit>
		<Unit filename="../harpe/aa_search/defines.hpp">
			<Option target="aa_search-win_x64" />
			<Option target="aa_search-ubuntu_x64" />
			<Option target="harpe-win_x64" />
			<Option target="harpe-ubuntu_x64" />
			<Option target="harpe_apprentissage-win_x64" />
			<Option target="harpe_apprentisage-ubuntu_x64" />
		</Unit>
		<Unit filename="../harpe/aa_search/main.cpp">
			<Option target="aa_search-win_x64" />
			<Option target="aa_search-ubuntu_x64" />
		</Unit>
		<Unit filename="../harpe/analyseur/analyseur_peptide.cpp">
			<Option target="harpe-win_x64" />
			<Option target="harpe-ubuntu_x64" />
			<Option target="harpe_apprentissage-win_x64" />
			<Option target="harpe_apprentisage-ubuntu_x64" />
		</Unit>
		<Unit filename="../harpe/analyseur/analyseur_peptide.hpp">
			<Option target="harpe-win_x64" />
			<Option target="harpe-ubuntu_x64" />
			<Option target="harpe_apprentissage-win_x64" />
			<Option target="harpe_apprentisage-ubuntu_x64" />
		</Unit>
		<Unit filename="../harpe/combinaisons/src/Combinaison.cpp">
			<Option target="combinaison-win_x64" />
			<Option target="combinaison-ubuntu_x64" />
			<Option target="harpe-win_x64" />
			<Option target="harpe-ubuntu_x64" />
			<Option target="harpe_apprentissage-win_x64" />
			<Option target="harpe_apprentisage-ubuntu_x64" />
		</Unit>
		<Unit filename="../harpe/combinaisons/src/Combinaison.hpp">
			<Option target="combinaison-win_x64" />
			<Option target="combinaison-ubuntu_x64" />
			<Option target="harpe-win_x64" />
			<Option target="harpe-ubuntu_x64" />
			<Option target="harpe_apprentissage-win_x64" />
			<Option target="harpe_apprentisage-ubuntu_x64" />
		</Unit>
		<Unit filename="../harpe/combinaisons/src/main.cpp">
			<Option target="combinaison-win_x64" />
			<Option target="combinaison-ubuntu_x64" />
		</Unit>
		<Unit filename="../harpe/execution/Socket/src/SelectManager.cpp">
			<Option target="serveur-win_x64" />
			<Option target="serveur-ubuntu_x64" />
			<Option target="local-win_x64" />
			<Option target="local-ubuntu_x64" />
			<Option target="ext-socket_serveur-ubuntu_x64" />
			<Option target="ext-socket_serveur-win_x64" />
			<Option target="ext-socket_client-ubuntu_x64" />
			<Option target="ext-socket_client-win_x64" />
			<Option target="harpe-win_x64" />
			<Option target="harpe-ubuntu_x64" />
			<Option target="harpe_apprentissage-win_x64" />
			<Option target="harpe_apprentisage-ubuntu_x64" />
		</Unit>
		<Unit filename="../harpe/execution/Socket/src/SelectManager.hpp">
			<Option target="serveur-win_x64" />
			<Option target="serveur-ubuntu_x64" />
			<Option target="local-win_x64" />
			<Option target="local-ubuntu_x64" />
			<Option target="ext-socket_serveur-ubuntu_x64" />
			<Option target="ext-socket_serveur-win_x64" />
			<Option target="ext-socket_client-ubuntu_x64" />
			<Option target="ext-socket_client-win_x64" />
			<Option target="harpe-win_x64" />
			<Option target="harpe-ubuntu_x64" />
			<Option target="harpe_apprentissage-win_x64" />
			<Option target="harpe_apprentisage-ubuntu_x64" />
		</Unit>
		<Unit filename="../harpe/execution/Socket/src/Serializer.cpp">
			<Option target="serveur-win_x64" />
			<Option target="serveur-ubuntu_x64" />
			<Option target="local-win_x64" />
			<Option target="local-ubuntu_x64" />
			<Option target="ext-socket_serveur-ubuntu_x64" />
			<Option target="ext-socket_serveur-win_x64" />
			<Option target="ext-socket_client-ubuntu_x64" />
			<Option target="ext-socket_client-win_x64" />
			<Option target="harpe-win_x64" />
			<Option target="harpe-ubuntu_x64" />
			<Option target="harpe_apprentissage-win_x64" />
			<Option target="harpe_apprentisage-ubuntu_x64" />
		</Unit>
		<Unit filename="../harpe/execution/Socket/src/Serializer.hpp">
			<Option target="serveur-win_x64" />
			<Option target="serveur-ubuntu_x64" />
			<Option target="local-win_x64" />
			<Option target="local-ubuntu_x64" />
			<Option target="ext-socket_serveur-ubuntu_x64" />
			<Option target="ext-socket_serveur-win_x64" />
			<Option target="ext-socket_client-ubuntu_x64" />
			<Option target="ext-socket_client-win_x64" />
			<Option target="harpe-win_x64" />
			<Option target="harpe-ubuntu_x64" />
			<Option target="harpe_apprentissage-win_x64" />
			<Option target="harpe_apprentisage-ubuntu_x64" />
		</Unit>
		<Unit filename="../harpe/execution/Socket/src/Socket.cpp">
			<Option target="serveur-win_x64" />
			<Option target="serveur-ubuntu_x64" />
			<Option target="local-win_x64" />
			<Option target="local-ubuntu_x64" />
			<Option target="ext-socket_serveur-ubuntu_x64" />
			<Option target="ext-socket_serveur-win_x64" />
			<Option target="ext-socket_client-ubuntu_x64" />
			<Option target="ext-socket_client-win_x64" />
			<Option target="harpe-win_x64" />
			<Option target="harpe-ubuntu_x64" />
			<Option target="harpe_apprentissage-win_x64" />
			<Option target="harpe_apprentisage-ubuntu_x64" />
		</Unit>
		<Unit filename="../harpe/execution/Socket/src/Socket.hpp">
			<Option target="serveur-win_x64" />
			<Option target="serveur-ubuntu_x64" />
			<Option target="local-win_x64" />
			<Option target="local-ubuntu_x64" />
			<Option target="ext-socket_serveur-ubuntu_x64" />
			<Option target="ext-socket_serveur-win_x64" />
			<Option target="ext-socket_client-ubuntu_x64" />
			<Option target="ext-socket_client-win_x64" />
			<Option target="harpe-win_x64" />
			<Option target="harpe-ubuntu_x64" />
			<Option target="harpe_apprentissage-win_x64" />
			<Option target="harpe_apprentisage-ubuntu_x64" />
		</Unit>
		<Unit filename="../harpe/execution/Socket/src/SocketSerialized.cpp">
			<Option target="serveur-win_x64" />
			<Option target="serveur-ubuntu_x64" />
			<Option target="local-win_x64" />
			<Option target="local-ubuntu_x64" />
			<Option target="ext-socket_serveur-ubuntu_x64" />
			<Option target="ext-socket_serveur-win_x64" />
			<Option target="ext-socket_client-ubuntu_x64" />
			<Option target="ext-socket_client-win_x64" />
			<Option target="harpe-win_x64" />
			<Option target="harpe-ubuntu_x64" />
			<Option target="harpe_apprentissage-win_x64" />
			<Option target="harpe_apprentisage-ubuntu_x64" />
		</Unit>
		<Unit filename="../harpe/execution/Socket/src/SocketSerialized.hpp">
			<Option target="serveur-win_x64" />
			<Option target="serveur-ubuntu_x64" />
			<Option target="local-win_x64" />
			<Option target="local-ubuntu_x64" />
			<Option target="ext-socket_serveur-ubuntu_x64" />
			<Option target="ext-socket_serveur-win_x64" />
			<Option target="ext-socket_client-ubuntu_x64" />
			<Option target="ext-socket_client-win_x64" />
			<Option target="harpe-win_x64" />
			<Option target="harpe-ubuntu_x64" />
			<Option target="harpe_apprentissage-win_x64" />
			<Option target="harpe_apprentisage-ubuntu_x64" />
		</Unit>
		<Unit filename="../harpe/execution/Socket/src/client-main.cpp">
			<Option target="ext-socket_client-ubuntu_x64" />
			<Option target="ext-socket_client-win_x64" />
		</Unit>
		<Unit filename="../harpe/execution/Socket/src/serveur-main.cpp">
			<Option target="ext-socket_serveur-ubuntu_x64" />
			<Option target="ext-socket_serveur-win_x64" />
		</Unit>
		<Unit filename="../harpe/execution/local-main.cpp">
			<Option target="local-win_x64" />
			<Option target="local-ubuntu_x64" />
		</Unit>
		<Unit filename="../harpe/execution/local.cpp">
			<Option target="harpe-win_x64" />
			<Option target="harpe-ubuntu_x64" />
			<Option target="harpe_apprentissage-win_x64" />
			<Option target="harpe_apprentisage-ubuntu_x64" />
		</Unit>
		<Unit filename="../harpe/execution/local.hpp">
			<Option target="harpe-win_x64" />
			<Option target="harpe-ubuntu_x64" />
			<Option target="harpe_apprentissage-win_x64" />
			<Option target="harpe_apprentisage-ubuntu_x64" />
		</Unit>
		<Unit filename="../harpe/execution/serveur-main.cpp">
			<Option target="serveur-win_x64" />
			<Option target="serveur-ubuntu_x64" />
		</Unit>
		<Unit filename="../harpe/execution/serveur.cpp">
			<Option target="harpe-win_x64" />
			<Option target="harpe-ubuntu_x64" />
			<Option target="harpe_apprentissage-win_x64" />
			<Option target="harpe_apprentisage-ubuntu_x64" />
		</Unit>
		<Unit filename="../harpe/execution/serveur.hpp">
			<Option target="harpe-win_x64" />
			<Option target="harpe-ubuntu_x64" />
			<Option target="harpe_apprentissage-win_x64" />
			<Option target="harpe_apprentisage-ubuntu_x64" />
		</Unit>
		<Unit filename="../harpe/parser_mgf/defines.hpp">
			<Option target="ext-parseur-win_x64" />
			<Option target="ext-parseur-ubuntu_x64" />
			<Option target="harpe-win_x64" />
			<Option target="harpe-ubuntu_x64" />
			<Option target="harpe_apprentissage-win_x64" />
			<Option target="harpe_apprentisage-ubuntu_x64" />
		</Unit>
		<Unit filename="../harpe/parser_mgf/main.cpp">
			<Option target="ext-parseur-win_x64" />
			<Option target="ext-parseur-ubuntu_x64" />
		</Unit>
		<Unit filename="../harpe/parser_mgf/parser.cpp">
			<Option target="ext-parseur-win_x64" />
			<Option target="ext-parseur-ubuntu_x64" />
			<Option target="harpe-win_x64" />
			<Option target="harpe-ubuntu_x64" />
			<Option target="harpe_apprentissage-win_x64" />
			<Option target="harpe_apprentisage-ubuntu_x64" />
		</Unit>
		<Unit filename="../harpe/parser_mgf/parser.hpp">
			<Option target="ext-parseur-win_x64" />
			<Option target="ext-parseur-ubuntu_x64" />
			<Option target="harpe-win_x64" />
			<Option target="harpe-ubuntu_x64" />
			<Option target="harpe_apprentissage-win_x64" />
			<Option target="harpe_apprentisage-ubuntu_x64" />
		</Unit>
		<Unit filename="../harpe/parser_mgf/parser.lex">
			<Option compile="1" />
			<Option weight="0" />
			<Option compiler="gcc" use="1" buildCommand="flex -t  $file  &gt; $file.c" />
			<Option target="ext-parseur-win_x64" />
			<Option target="ext-parseur-ubuntu_x64" />
			<Option target="harpe-win_x64" />
			<Option target="harpe-ubuntu_x64" />
			<Option target="harpe_apprentissage-win_x64" />
			<Option target="harpe_apprentisage-ubuntu_x64" />
		</Unit>
		<Unit filename="../harpe/parser_mgf/parser.lex.c">
			<Option compilerVar="CPP" />
			<Option weight="93" />
			<Option compiler="gcc" use="0" buildCommand="flex -t  $filedir &gt; $file" />
			<Option target="ext-parseur-win_x64" />
			<Option target="ext-parseur-ubuntu_x64" />
			<Option target="harpe-win_x64" />
			<Option target="harpe-ubuntu_x64" />
			<Option target="harpe_apprentissage-win_x64" />
			<Option target="harpe_apprentisage-ubuntu_x64" />
		</Unit>
		<Unit filename="../harpe/score_evo/Engine/src/GeneticEngine.hpp">
			<Option target="harpe_apprentissage-win_x64" />
			<Option target="harpe_apprentisage-ubuntu_x64" />
			<Option target="ext-genetic_engine-win_x64" />
			<Option target="ext-genetic_engine-ubuntu_x64" />
		</Unit>
		<Unit filename="../harpe/score_evo/Engine/src/GeneticEngine.tpl">
			<Option target="harpe_apprentissage-win_x64" />
			<Option target="harpe_apprentisage-ubuntu_x64" />
			<Option target="ext-genetic_engine-win_x64" />
			<Option target="ext-genetic_engine-ubuntu_x64" />
		</Unit>
		<Unit filename="../harpe/score_evo/Engine/src/GeneticThread.cpp">
			<Option target="harpe_apprentissage-win_x64" />
			<Option target="harpe_apprentisage-ubuntu_x64" />
			<Option target="ext-genetic_engine-win_x64" />
			<Option target="ext-genetic_engine-ubuntu_x64" />
		</Unit>
		<Unit filename="../harpe/score_evo/Engine/src/GeneticThread.hpp">
			<Option target="harpe_apprentissage-win_x64" />
			<Option target="harpe_apprentisage-ubuntu_x64" />
			<Option target="ext-genetic_engine-win_x64" />
			<Option target="ext-genetic_engine-ubuntu_x64" />
		</Unit>
		<Unit filename="../harpe/score_evo/Engine/src/GeneticThread.tpl">
			<Option target="harpe_apprentissage-win_x64" />
			<Option target="harpe_apprentisage-ubuntu_x64" />
			<Option target="ext-genetic_engine-win_x64" />
			<Option target="ext-genetic_engine-ubuntu_x64" />
		</Unit>
		<Unit filename="../harpe/score_evo/Engine/src/Individu.hpp">
			<Option target="harpe_apprentissage-win_x64" />
			<Option target="harpe_apprentisage-ubuntu_x64" />
			<Option target="ext-genetic_engine-win_x64" />
			<Option target="ext-genetic_engine-ubuntu_x64" />
		</Unit>
		<Unit filename="../harpe/score_evo/Engine/src/Individu.tpl">
			<Option target="harpe_apprentissage-win_x64" />
			<Option target="harpe_apprentisage-ubuntu_x64" />
			<Option target="ext-genetic_engine-win_x64" />
			<Option target="ext-genetic_engine-ubuntu_x64" />
		</Unit>
		<Unit filename="../harpe/score_evo/Engine/src/benchmarks-func.cpp">
			<Option target="harpe_apprentissage-win_x64" />
			<Option target="harpe_apprentisage-ubuntu_x64" />
			<Option target="ext-genetic_engine-win_x64" />
			<Option target="ext-genetic_engine-ubuntu_x64" />
		</Unit>
		<Unit filename="../harpe/score_evo/Engine/src/benchmarks-func.hpp">
			<Option target="harpe_apprentissage-win_x64" />
			<Option target="harpe_apprentisage-ubuntu_x64" />
			<Option target="ext-genetic_engine-win_x64" />
			<Option target="ext-genetic_engine-ubuntu_x64" />
		</Unit>
		<Unit filename="../harpe/score_evo/Engine/src/gnuplot/src/gnuplot_i.c">
			<Option compilerVar="CPP" />
			<Option target="ext-genetic_engine-win_x64" />
			<Option target="ext-genetic_engine-ubuntu_x64" />
		</Unit>
		<Unit filename="../harpe/score_evo/Engine/src/gnuplot/src/gnuplot_i.h">
			<Option target="ext-genetic_engine-win_x64" />
			<Option target="ext-genetic_engine-ubuntu_x64" />
		</Unit>
		<Unit filename="../harpe/score_evo/Engine/src/main.cpp">
			<Option target="ext-genetic_engine-win_x64" />
			<Option target="ext-genetic_engine-ubuntu_x64" />
		</Unit>
		<Unit filename="../harpe/score_evo/Engine/src/random.hpp">
			<Option target="harpe_apprentissage-win_x64" />
			<Option target="harpe_apprentisage-ubuntu_x64" />
			<Option target="ext-genetic_engine-win_x64" />
			<Option target="ext-genetic_engine-ubuntu_x64" />
		</Unit>
		<Unit filename="../harpe/score_evo/IndividuLinear.hpp">
			<Option target="harpe_apprentissage-win_x64" />
			<Option target="harpe_apprentisage-ubuntu_x64" />
		</Unit>
		<Unit filename="../harpe/score_evo/IndividuTree.cpp">
			<Option target="harpe_apprentissage-win_x64" />
			<Option target="harpe_apprentisage-ubuntu_x64" />
		</Unit>
		<Unit filename="../harpe/score_evo/IndividuTree.hpp">
			<Option target="harpe_apprentissage-win_x64" />
			<Option target="harpe_apprentisage-ubuntu_x64" />
		</Unit>
		<Unit filename="../harpe/sql/SqlObject.hpp">
			<Option target="aa_search-win_x64" />
			<Option target="aa_search-ubuntu_x64" />
			<Option target="ext-sql-win_x64" />
			<Option target="ext-sql-ubuntu_x64" />
			<Option target="harpe-win_x64" />
			<Option target="harpe-ubuntu_x64" />
			<Option target="harpe_apprentissage-win_x64" />
			<Option target="harpe_apprentisage-ubuntu_x64" />
		</Unit>
		<Unit filename="../harpe/sql/config.hpp">
			<Option target="aa_search-win_x64" />
			<Option target="aa_search-ubuntu_x64" />
			<Option target="ext-sql-win_x64" />
			<Option target="ext-sql-ubuntu_x64" />
			<Option target="harpe-win_x64" />
			<Option target="harpe-ubuntu_x64" />
			<Option target="harpe_apprentissage-win_x64" />
			<Option target="harpe_apprentisage-ubuntu_x64" />
		</Unit>
		<Unit filename="../harpe/sql/main.cpp">
			<Option target="ext-sql-win_x64" />
			<Option target="ext-sql-ubuntu_x64" />
		</Unit>
		<Extensions>
			<code_completion />
			<debugger />
			<envvars />
		</Extensions>
	</Project>
</CodeBlocks_project_file>
